// !$*UTF8*$!
{
	archiveVersion = 1;
	classes = {
	};
	objectVersion = 55;
	objects = {

/* Begin PBXBuildFile section */
		126DF30829E4117900E619A3 /* AppDelegate.swift in Sources */ = {isa = PBXBuildFile; fileRef = 126DF30729E4117900E619A3 /* AppDelegate.swift */; };
		126DF31129E4117B00E619A3 /* Assets.xcassets in Resources */ = {isa = PBXBuildFile; fileRef = 126DF31029E4117B00E619A3 /* Assets.xcassets */; };
		126DF31429E4117B00E619A3 /* LaunchScreen.storyboard in Resources */ = {isa = PBXBuildFile; fileRef = 126DF31229E4117B00E619A3 /* LaunchScreen.storyboard */; };
		126DF32929E4117C00E619A3 /* ISNewsProjectUITests.swift in Sources */ = {isa = PBXBuildFile; fileRef = 126DF32829E4117C00E619A3 /* ISNewsProjectUITests.swift */; };
		126DF32B29E4117C00E619A3 /* ISNewsProjectUITestsLaunchTests.swift in Sources */ = {isa = PBXBuildFile; fileRef = 126DF32A29E4117C00E619A3 /* ISNewsProjectUITestsLaunchTests.swift */; };
		126DF34029E416C500E619A3 /* MainViewController.swift in Sources */ = {isa = PBXBuildFile; fileRef = 126DF33E29E416C400E619A3 /* MainViewController.swift */; };
		126DF34129E416C500E619A3 /* MainViewController.xib in Resources */ = {isa = PBXBuildFile; fileRef = 126DF33F29E416C400E619A3 /* MainViewController.xib */; };
		126DF34929E41E6200E619A3 /* MainViewController+TableView.swift in Sources */ = {isa = PBXBuildFile; fileRef = 126DF34829E41E6200E619A3 /* MainViewController+TableView.swift */; };
		126DF34E29E421C200E619A3 /* MainViewModel.swift in Sources */ = {isa = PBXBuildFile; fileRef = 126DF34D29E421C200E619A3 /* MainViewModel.swift */; };
		126DF35329E4282000E619A3 /* NetworkConstants.swift in Sources */ = {isa = PBXBuildFile; fileRef = 126DF35229E4282000E619A3 /* NetworkConstants.swift */; };
		126DF35529E429DB00E619A3 /* APICaller.swift in Sources */ = {isa = PBXBuildFile; fileRef = 126DF35429E429DA00E619A3 /* APICaller.swift */; };
		126DF35729E42A4F00E619A3 /* LatestNewsModel.swift in Sources */ = {isa = PBXBuildFile; fileRef = 126DF35629E42A4F00E619A3 /* LatestNewsModel.swift */; };
		127F524C29E44F5C00746C7E /* Observable.swift in Sources */ = {isa = PBXBuildFile; fileRef = 127F524B29E44F5C00746C7E /* Observable.swift */; };
		127F525329E45EA000746C7E /* UIViewExtensions.swift in Sources */ = {isa = PBXBuildFile; fileRef = 127F525229E45EA000746C7E /* UIViewExtensions.swift */; };
		127F525529E45F6E00746C7E /* ArticleTableCellViewModel.swift in Sources */ = {isa = PBXBuildFile; fileRef = 127F525429E45F6E00746C7E /* ArticleTableCellViewModel.swift */; };
		127F525729E464CA00746C7E /* UIImageViewExtensions.swift in Sources */ = {isa = PBXBuildFile; fileRef = 127F525629E464CA00746C7E /* UIImageViewExtensions.swift */; };
		127F525A29E476D000746C7E /* MainArticleCell.swift in Sources */ = {isa = PBXBuildFile; fileRef = 127F525829E476D000746C7E /* MainArticleCell.swift */; };
		127F525B29E476D000746C7E /* MainArticleCell.xib in Resources */ = {isa = PBXBuildFile; fileRef = 127F525929E476D000746C7E /* MainArticleCell.xib */; };
		127F525F29E4812200746C7E /* ArticleViewController.swift in Sources */ = {isa = PBXBuildFile; fileRef = 127F525D29E4812200746C7E /* ArticleViewController.swift */; };
		127F526029E4812200746C7E /* ArticleViewController.xib in Resources */ = {isa = PBXBuildFile; fileRef = 127F525E29E4812200746C7E /* ArticleViewController.xib */; };
		127F526229E483F300746C7E /* ArticleViewModel.swift in Sources */ = {isa = PBXBuildFile; fileRef = 127F526129E483F300746C7E /* ArticleViewModel.swift */; };
		127F526429E7312100746C7E /* MainViewModelTests.swift in Sources */ = {isa = PBXBuildFile; fileRef = 127F526329E7311400746C7E /* MainViewModelTests.swift */; };
		127F526829E739F600746C7E /* ArticleTableCellViewModelTests.swift in Sources */ = {isa = PBXBuildFile; fileRef = 127F526729E739F600746C7E /* ArticleTableCellViewModelTests.swift */; };
		127F526A29E73C2500746C7E /* ArticleViewModelTests.swift in Sources */ = {isa = PBXBuildFile; fileRef = 127F526929E73C2500746C7E /* ArticleViewModelTests.swift */; };
		127F526C29E7448700746C7E /* DateFormater.swift in Sources */ = {isa = PBXBuildFile; fileRef = 127F526B29E7448600746C7E /* DateFormater.swift */; };
/* End PBXBuildFile section */

/* Begin PBXContainerItemProxy section */
		126DF31B29E4117C00E619A3 /* PBXContainerItemProxy */ = {
			isa = PBXContainerItemProxy;
			containerPortal = 126DF2FC29E4117800E619A3 /* Project object */;
			proxyType = 1;
			remoteGlobalIDString = 126DF30329E4117800E619A3;
			remoteInfo = ISNewsProject;
		};
		126DF32529E4117C00E619A3 /* PBXContainerItemProxy */ = {
			isa = PBXContainerItemProxy;
			containerPortal = 126DF2FC29E4117800E619A3 /* Project object */;
			proxyType = 1;
			remoteGlobalIDString = 126DF30329E4117800E619A3;
			remoteInfo = ISNewsProject;
		};
/* End PBXContainerItemProxy section */

/* Begin PBXFileReference section */
		126DF30429E4117900E619A3 /* ISNewsProject.app */ = {isa = PBXFileReference; explicitFileType = wrapper.application; includeInIndex = 0; path = ISNewsProject.app; sourceTree = BUILT_PRODUCTS_DIR; };
		126DF30729E4117900E619A3 /* AppDelegate.swift */ = {isa = PBXFileReference; lastKnownFileType = sourcecode.swift; path = AppDelegate.swift; sourceTree = "<group>"; };
		126DF31029E4117B00E619A3 /* Assets.xcassets */ = {isa = PBXFileReference; lastKnownFileType = folder.assetcatalog; path = Assets.xcassets; sourceTree = "<group>"; };
		126DF31329E4117B00E619A3 /* Base */ = {isa = PBXFileReference; lastKnownFileType = file.storyboard; name = Base; path = Base.lproj/LaunchScreen.storyboard; sourceTree = "<group>"; };
		126DF31529E4117B00E619A3 /* Info.plist */ = {isa = PBXFileReference; lastKnownFileType = text.plist.xml; path = Info.plist; sourceTree = "<group>"; };
		126DF31A29E4117C00E619A3 /* ISNewsProjectTests.xctest */ = {isa = PBXFileReference; explicitFileType = wrapper.cfbundle; includeInIndex = 0; path = ISNewsProjectTests.xctest; sourceTree = BUILT_PRODUCTS_DIR; };
		126DF32429E4117C00E619A3 /* ISNewsProjectUITests.xctest */ = {isa = PBXFileReference; explicitFileType = wrapper.cfbundle; includeInIndex = 0; path = ISNewsProjectUITests.xctest; sourceTree = BUILT_PRODUCTS_DIR; };
		126DF32829E4117C00E619A3 /* ISNewsProjectUITests.swift */ = {isa = PBXFileReference; lastKnownFileType = sourcecode.swift; path = ISNewsProjectUITests.swift; sourceTree = "<group>"; };
		126DF32A29E4117C00E619A3 /* ISNewsProjectUITestsLaunchTests.swift */ = {isa = PBXFileReference; lastKnownFileType = sourcecode.swift; path = ISNewsProjectUITestsLaunchTests.swift; sourceTree = "<group>"; };
		126DF33E29E416C400E619A3 /* MainViewController.swift */ = {isa = PBXFileReference; lastKnownFileType = sourcecode.swift; path = MainViewController.swift; sourceTree = "<group>"; };
		126DF33F29E416C400E619A3 /* MainViewController.xib */ = {isa = PBXFileReference; lastKnownFileType = file.xib; path = MainViewController.xib; sourceTree = "<group>"; };
		126DF34829E41E6200E619A3 /* MainViewController+TableView.swift */ = {isa = PBXFileReference; lastKnownFileType = sourcecode.swift; path = "MainViewController+TableView.swift"; sourceTree = "<group>"; };
		126DF34D29E421C200E619A3 /* MainViewModel.swift */ = {isa = PBXFileReference; lastKnownFileType = sourcecode.swift; path = MainViewModel.swift; sourceTree = "<group>"; };
		126DF35229E4282000E619A3 /* NetworkConstants.swift */ = {isa = PBXFileReference; lastKnownFileType = sourcecode.swift; path = NetworkConstants.swift; sourceTree = "<group>"; };
		126DF35429E429DA00E619A3 /* APICaller.swift */ = {isa = PBXFileReference; lastKnownFileType = sourcecode.swift; path = APICaller.swift; sourceTree = "<group>"; };
		126DF35629E42A4F00E619A3 /* LatestNewsModel.swift */ = {isa = PBXFileReference; lastKnownFileType = sourcecode.swift; path = LatestNewsModel.swift; sourceTree = "<group>"; };
		127F524B29E44F5C00746C7E /* Observable.swift */ = {isa = PBXFileReference; lastKnownFileType = sourcecode.swift; path = Observable.swift; sourceTree = "<group>"; };
		127F525229E45EA000746C7E /* UIViewExtensions.swift */ = {isa = PBXFileReference; lastKnownFileType = sourcecode.swift; path = UIViewExtensions.swift; sourceTree = "<group>"; };
		127F525429E45F6E00746C7E /* ArticleTableCellViewModel.swift */ = {isa = PBXFileReference; lastKnownFileType = sourcecode.swift; path = ArticleTableCellViewModel.swift; sourceTree = "<group>"; };
		127F525629E464CA00746C7E /* UIImageViewExtensions.swift */ = {isa = PBXFileReference; lastKnownFileType = sourcecode.swift; path = UIImageViewExtensions.swift; sourceTree = "<group>"; };
		127F525829E476D000746C7E /* MainArticleCell.swift */ = {isa = PBXFileReference; lastKnownFileType = sourcecode.swift; path = MainArticleCell.swift; sourceTree = "<group>"; };
		127F525929E476D000746C7E /* MainArticleCell.xib */ = {isa = PBXFileReference; lastKnownFileType = file.xib; path = MainArticleCell.xib; sourceTree = "<group>"; };
		127F525D29E4812200746C7E /* ArticleViewController.swift */ = {isa = PBXFileReference; lastKnownFileType = sourcecode.swift; path = ArticleViewController.swift; sourceTree = "<group>"; };
		127F525E29E4812200746C7E /* ArticleViewController.xib */ = {isa = PBXFileReference; lastKnownFileType = file.xib; path = ArticleViewController.xib; sourceTree = "<group>"; };
		127F526129E483F300746C7E /* ArticleViewModel.swift */ = {isa = PBXFileReference; lastKnownFileType = sourcecode.swift; path = ArticleViewModel.swift; sourceTree = "<group>"; };
		127F526329E7311400746C7E /* MainViewModelTests.swift */ = {isa = PBXFileReference; lastKnownFileType = sourcecode.swift; path = MainViewModelTests.swift; sourceTree = "<group>"; };
		127F526729E739F600746C7E /* ArticleTableCellViewModelTests.swift */ = {isa = PBXFileReference; lastKnownFileType = sourcecode.swift; path = ArticleTableCellViewModelTests.swift; sourceTree = "<group>"; };
		127F526929E73C2500746C7E /* ArticleViewModelTests.swift */ = {isa = PBXFileReference; lastKnownFileType = sourcecode.swift; path = ArticleViewModelTests.swift; sourceTree = "<group>"; };
		127F526B29E7448600746C7E /* DateFormater.swift */ = {isa = PBXFileReference; lastKnownFileType = sourcecode.swift; path = DateFormater.swift; sourceTree = "<group>"; };
/* End PBXFileReference section */

/* Begin PBXFrameworksBuildPhase section */
		126DF30129E4117800E619A3 /* Frameworks */ = {
			isa = PBXFrameworksBuildPhase;
			buildActionMask = 2147483647;
			files = (
			);
			runOnlyForDeploymentPostprocessing = 0;
		};
		126DF31729E4117C00E619A3 /* Frameworks */ = {
			isa = PBXFrameworksBuildPhase;
			buildActionMask = 2147483647;
			files = (
			);
			runOnlyForDeploymentPostprocessing = 0;
		};
		126DF32129E4117C00E619A3 /* Frameworks */ = {
			isa = PBXFrameworksBuildPhase;
			buildActionMask = 2147483647;
			files = (
			);
			runOnlyForDeploymentPostprocessing = 0;
		};
/* End PBXFrameworksBuildPhase section */

/* Begin PBXGroup section */
		126DF2FB29E4117800E619A3 = {
			isa = PBXGroup;
			children = (
				126DF30629E4117900E619A3 /* ISNewsProject */,
				126DF31D29E4117C00E619A3 /* ISNewsProjectTests */,
				126DF32729E4117C00E619A3 /* ISNewsProjectUITests */,
				126DF30529E4117900E619A3 /* Products */,
			);
			sourceTree = "<group>";
		};
		126DF30529E4117900E619A3 /* Products */ = {
			isa = PBXGroup;
			children = (
				126DF30429E4117900E619A3 /* ISNewsProject.app */,
				126DF31A29E4117C00E619A3 /* ISNewsProjectTests.xctest */,
				126DF32429E4117C00E619A3 /* ISNewsProjectUITests.xctest */,
			);
			name = Products;
			sourceTree = "<group>";
		};
		126DF30629E4117900E619A3 /* ISNewsProject */ = {
			isa = PBXGroup;
			children = (
				126DF34729E419E700E619A3 /* Networking */,
				126DF34629E419C600E619A3 /* Extensions */,
				126DF34429E4198800E619A3 /* Ressources */,
				126DF34329E4196F00E619A3 /* Classes */,
				126DF35129E4225200E619A3 /* Model */,
				126DF34529E419B100E619A3 /* Controllers */,
				126DF34C29E421A600E619A3 /* ViewModel */,
				126DF35029E4224200E619A3 /* View */,
				126DF31229E4117B00E619A3 /* LaunchScreen.storyboard */,
				126DF30729E4117900E619A3 /* AppDelegate.swift */,
				126DF31529E4117B00E619A3 /* Info.plist */,
			);
			path = ISNewsProject;
			sourceTree = "<group>";
		};
		126DF31D29E4117C00E619A3 /* ISNewsProjectTests */ = {
			isa = PBXGroup;
			children = (
				127F526329E7311400746C7E /* MainViewModelTests.swift */,
				127F526729E739F600746C7E /* ArticleTableCellViewModelTests.swift */,
				127F526929E73C2500746C7E /* ArticleViewModelTests.swift */,
			);
			path = ISNewsProjectTests;
			sourceTree = "<group>";
		};
		126DF32729E4117C00E619A3 /* ISNewsProjectUITests */ = {
			isa = PBXGroup;
			children = (
				126DF32829E4117C00E619A3 /* ISNewsProjectUITests.swift */,
				126DF32A29E4117C00E619A3 /* ISNewsProjectUITestsLaunchTests.swift */,
			);
			path = ISNewsProjectUITests;
			sourceTree = "<group>";
		};
		126DF33D29E4167600E619A3 /* MainViewController */ = {
			isa = PBXGroup;
			children = (
				126DF33E29E416C400E619A3 /* MainViewController.swift */,
				126DF33F29E416C400E619A3 /* MainViewController.xib */,
				126DF34829E41E6200E619A3 /* MainViewController+TableView.swift */,
			);
			path = MainViewController;
			sourceTree = "<group>";
		};
		126DF34329E4196F00E619A3 /* Classes */ = {
			isa = PBXGroup;
			children = (
				127F524B29E44F5C00746C7E /* Observable.swift */,
				127F526B29E7448600746C7E /* DateFormater.swift */,
			);
			path = Classes;
			sourceTree = "<group>";
		};
		126DF34429E4198800E619A3 /* Ressources */ = {
			isa = PBXGroup;
			children = (
				126DF31029E4117B00E619A3 /* Assets.xcassets */,
			);
			path = Ressources;
			sourceTree = "<group>";
		};
		126DF34529E419B100E619A3 /* Controllers */ = {
			isa = PBXGroup;
			children = (
				127F525C29E480B900746C7E /* ArticleViewController */,
				126DF33D29E4167600E619A3 /* MainViewController */,
			);
			path = Controllers;
			sourceTree = "<group>";
		};
		126DF34629E419C600E619A3 /* Extensions */ = {
			isa = PBXGroup;
			children = (
				127F525229E45EA000746C7E /* UIViewExtensions.swift */,
				127F525629E464CA00746C7E /* UIImageViewExtensions.swift */,
			);
			path = Extensions;
			sourceTree = "<group>";
		};
		126DF34729E419E700E619A3 /* Networking */ = {
			isa = PBXGroup;
			children = (
				126DF35229E4282000E619A3 /* NetworkConstants.swift */,
				126DF35429E429DA00E619A3 /* APICaller.swift */,
			);
			path = Networking;
			sourceTree = "<group>";
		};
		126DF34C29E421A600E619A3 /* ViewModel */ = {
			isa = PBXGroup;
			children = (
				126DF34D29E421C200E619A3 /* MainViewModel.swift */,
				127F525429E45F6E00746C7E /* ArticleTableCellViewModel.swift */,
				127F526129E483F300746C7E /* ArticleViewModel.swift */,
			);
			path = ViewModel;
			sourceTree = "<group>";
		};
		126DF35029E4224200E619A3 /* View */ = {
			isa = PBXGroup;
			children = (
				127F524D29E4579B00746C7E /* MainArticleCell */,
			);
			path = View;
			sourceTree = "<group>";
		};
		126DF35129E4225200E619A3 /* Model */ = {
			isa = PBXGroup;
			children = (
				126DF35629E42A4F00E619A3 /* LatestNewsModel.swift */,
			);
			path = Model;
			sourceTree = "<group>";
		};
		127F524D29E4579B00746C7E /* MainArticleCell */ = {
			isa = PBXGroup;
			children = (
				127F525829E476D000746C7E /* MainArticleCell.swift */,
				127F525929E476D000746C7E /* MainArticleCell.xib */,
			);
			path = MainArticleCell;
			sourceTree = "<group>";
		};
		127F525C29E480B900746C7E /* ArticleViewController */ = {
			isa = PBXGroup;
			children = (
				127F525D29E4812200746C7E /* ArticleViewController.swift */,
				127F525E29E4812200746C7E /* ArticleViewController.xib */,
			);
			path = ArticleViewController;
			sourceTree = "<group>";
		};
/* End PBXGroup section */

/* Begin PBXNativeTarget section */
		126DF30329E4117800E619A3 /* ISNewsProject */ = {
			isa = PBXNativeTarget;
			buildConfigurationList = 126DF32E29E4117C00E619A3 /* Build configuration list for PBXNativeTarget "ISNewsProject" */;
			buildPhases = (
				126DF30029E4117800E619A3 /* Sources */,
				126DF30129E4117800E619A3 /* Frameworks */,
				126DF30229E4117800E619A3 /* Resources */,
			);
			buildRules = (
			);
			dependencies = (
			);
			name = ISNewsProject;
			productName = ISNewsProject;
			productReference = 126DF30429E4117900E619A3 /* ISNewsProject.app */;
			productType = "com.apple.product-type.application";
		};
		126DF31929E4117C00E619A3 /* ISNewsProjectTests */ = {
			isa = PBXNativeTarget;
			buildConfigurationList = 126DF33129E4117C00E619A3 /* Build configuration list for PBXNativeTarget "ISNewsProjectTests" */;
			buildPhases = (
				126DF31629E4117C00E619A3 /* Sources */,
				126DF31729E4117C00E619A3 /* Frameworks */,
				126DF31829E4117C00E619A3 /* Resources */,
			);
			buildRules = (
			);
			dependencies = (
				126DF31C29E4117C00E619A3 /* PBXTargetDependency */,
			);
			name = ISNewsProjectTests;
			productName = ISNewsProjectTests;
			productReference = 126DF31A29E4117C00E619A3 /* ISNewsProjectTests.xctest */;
			productType = "com.apple.product-type.bundle.unit-test";
		};
		126DF32329E4117C00E619A3 /* ISNewsProjectUITests */ = {
			isa = PBXNativeTarget;
			buildConfigurationList = 126DF33429E4117C00E619A3 /* Build configuration list for PBXNativeTarget "ISNewsProjectUITests" */;
			buildPhases = (
				126DF32029E4117C00E619A3 /* Sources */,
				126DF32129E4117C00E619A3 /* Frameworks */,
				126DF32229E4117C00E619A3 /* Resources */,
			);
			buildRules = (
			);
			dependencies = (
				126DF32629E4117C00E619A3 /* PBXTargetDependency */,
			);
			name = ISNewsProjectUITests;
			productName = ISNewsProjectUITests;
			productReference = 126DF32429E4117C00E619A3 /* ISNewsProjectUITests.xctest */;
			productType = "com.apple.product-type.bundle.ui-testing";
		};
/* End PBXNativeTarget section */

/* Begin PBXProject section */
		126DF2FC29E4117800E619A3 /* Project object */ = {
			isa = PBXProject;
			attributes = {
				BuildIndependentTargetsInParallel = 1;
				LastSwiftUpdateCheck = 1300;
				LastUpgradeCheck = 1300;
				TargetAttributes = {
					126DF30329E4117800E619A3 = {
						CreatedOnToolsVersion = 13.0;
					};
					126DF31929E4117C00E619A3 = {
						CreatedOnToolsVersion = 13.0;
						TestTargetID = 126DF30329E4117800E619A3;
					};
					126DF32329E4117C00E619A3 = {
						CreatedOnToolsVersion = 13.0;
						TestTargetID = 126DF30329E4117800E619A3;
					};
				};
			};
			buildConfigurationList = 126DF2FF29E4117800E619A3 /* Build configuration list for PBXProject "ISNewsProject" */;
			compatibilityVersion = "Xcode 13.0";
			developmentRegion = en;
			hasScannedForEncodings = 0;
			knownRegions = (
				en,
				Base,
			);
			mainGroup = 126DF2FB29E4117800E619A3;
			productRefGroup = 126DF30529E4117900E619A3 /* Products */;
			projectDirPath = "";
			projectRoot = "";
			targets = (
				126DF30329E4117800E619A3 /* ISNewsProject */,
				126DF31929E4117C00E619A3 /* ISNewsProjectTests */,
				126DF32329E4117C00E619A3 /* ISNewsProjectUITests */,
			);
		};
/* End PBXProject section */

/* Begin PBXResourcesBuildPhase section */
		126DF30229E4117800E619A3 /* Resources */ = {
			isa = PBXResourcesBuildPhase;
			buildActionMask = 2147483647;
			files = (
				127F525B29E476D000746C7E /* MainArticleCell.xib in Resources */,
				126DF31429E4117B00E619A3 /* LaunchScreen.storyboard in Resources */,
				127F526029E4812200746C7E /* ArticleViewController.xib in Resources */,
				126DF34129E416C500E619A3 /* MainViewController.xib in Resources */,
				126DF31129E4117B00E619A3 /* Assets.xcassets in Resources */,
			);
			runOnlyForDeploymentPostprocessing = 0;
		};
		126DF31829E4117C00E619A3 /* Resources */ = {
			isa = PBXResourcesBuildPhase;
			buildActionMask = 2147483647;
			files = (
			);
			runOnlyForDeploymentPostprocessing = 0;
		};
		126DF32229E4117C00E619A3 /* Resources */ = {
			isa = PBXResourcesBuildPhase;
			buildActionMask = 2147483647;
			files = (
			);
			runOnlyForDeploymentPostprocessing = 0;
		};
/* End PBXResourcesBuildPhase section */

/* Begin PBXSourcesBuildPhase section */
		126DF30029E4117800E619A3 /* Sources */ = {
			isa = PBXSourcesBuildPhase;
			buildActionMask = 2147483647;
			files = (
				127F524C29E44F5C00746C7E /* Observable.swift in Sources */,
				126DF34E29E421C200E619A3 /* MainViewModel.swift in Sources */,
				127F526C29E7448700746C7E /* DateFormater.swift in Sources */,
				127F525729E464CA00746C7E /* UIImageViewExtensions.swift in Sources */,
				126DF35529E429DB00E619A3 /* APICaller.swift in Sources */,
				126DF30829E4117900E619A3 /* AppDelegate.swift in Sources */,
				127F526229E483F300746C7E /* ArticleViewModel.swift in Sources */,
				126DF34929E41E6200E619A3 /* MainViewController+TableView.swift in Sources */,
				126DF35329E4282000E619A3 /* NetworkConstants.swift in Sources */,
				127F525329E45EA000746C7E /* UIViewExtensions.swift in Sources */,
				127F525529E45F6E00746C7E /* ArticleTableCellViewModel.swift in Sources */,
				127F525A29E476D000746C7E /* MainArticleCell.swift in Sources */,
				127F525F29E4812200746C7E /* ArticleViewController.swift in Sources */,
				126DF35729E42A4F00E619A3 /* LatestNewsModel.swift in Sources */,
				126DF34029E416C500E619A3 /* MainViewController.swift in Sources */,
			);
			runOnlyForDeploymentPostprocessing = 0;
		};
		126DF31629E4117C00E619A3 /* Sources */ = {
			isa = PBXSourcesBuildPhase;
			buildActionMask = 2147483647;
			files = (
				127F526829E739F600746C7E /* ArticleTableCellViewModelTests.swift in Sources */,
				127F526429E7312100746C7E /* MainViewModelTests.swift in Sources */,
				127F526A29E73C2500746C7E /* ArticleViewModelTests.swift in Sources */,
			);
			runOnlyForDeploymentPostprocessing = 0;
		};
		126DF32029E4117C00E619A3 /* Sources */ = {
			isa = PBXSourcesBuildPhase;
			buildActionMask = 2147483647;
			files = (
				126DF32929E4117C00E619A3 /* ISNewsProjectUITests.swift in Sources */,
				126DF32B29E4117C00E619A3 /* ISNewsProjectUITestsLaunchTests.swift in Sources */,
			);
			runOnlyForDeploymentPostprocessing = 0;
		};
/* End PBXSourcesBuildPhase section */

/* Begin PBXTargetDependency section */
		126DF31C29E4117C00E619A3 /* PBXTargetDependency */ = {
			isa = PBXTargetDependency;
			target = 126DF30329E4117800E619A3 /* ISNewsProject */;
			targetProxy = 126DF31B29E4117C00E619A3 /* PBXContainerItemProxy */;
		};
		126DF32629E4117C00E619A3 /* PBXTargetDependency */ = {
			isa = PBXTargetDependency;
			target = 126DF30329E4117800E619A3 /* ISNewsProject */;
			targetProxy = 126DF32529E4117C00E619A3 /* PBXContainerItemProxy */;
		};
/* End PBXTargetDependency section */

/* Begin PBXVariantGroup section */
		126DF31229E4117B00E619A3 /* LaunchScreen.storyboard */ = {
			isa = PBXVariantGroup;
			children = (
				126DF31329E4117B00E619A3 /* Base */,
			);
			name = LaunchScreen.storyboard;
			sourceTree = "<group>";
		};
/* End PBXVariantGroup section */

/* Begin XCBuildConfiguration section */
		126DF32C29E4117C00E619A3 /* Debug */ = {
			isa = XCBuildConfiguration;
			buildSettings = {
				ALWAYS_SEARCH_USER_PATHS = NO;
				CLANG_ANALYZER_NONNULL = YES;
				CLANG_ANALYZER_NUMBER_OBJECT_CONVERSION = YES_AGGRESSIVE;
				CLANG_CXX_LANGUAGE_STANDARD = "gnu++17";
				CLANG_CXX_LIBRARY = "libc++";
				CLANG_ENABLE_MODULES = YES;
				CLANG_ENABLE_OBJC_ARC = YES;
				CLANG_ENABLE_OBJC_WEAK = YES;
				CLANG_WARN_BLOCK_CAPTURE_AUTORELEASING = YES;
				CLANG_WARN_BOOL_CONVERSION = YES;
				CLANG_WARN_COMMA = YES;
				CLANG_WARN_CONSTANT_CONVERSION = YES;
				CLANG_WARN_DEPRECATED_OBJC_IMPLEMENTATIONS = YES;
				CLANG_WARN_DIRECT_OBJC_ISA_USAGE = YES_ERROR;
				CLANG_WARN_DOCUMENTATION_COMMENTS = YES;
				CLANG_WARN_EMPTY_BODY = YES;
				CLANG_WARN_ENUM_CONVERSION = YES;
				CLANG_WARN_INFINITE_RECURSION = YES;
				CLANG_WARN_INT_CONVERSION = YES;
				CLANG_WARN_NON_LITERAL_NULL_CONVERSION = YES;
				CLANG_WARN_OBJC_IMPLICIT_RETAIN_SELF = YES;
				CLANG_WARN_OBJC_LITERAL_CONVERSION = YES;
				CLANG_WARN_OBJC_ROOT_CLASS = YES_ERROR;
				CLANG_WARN_QUOTED_INCLUDE_IN_FRAMEWORK_HEADER = YES;
				CLANG_WARN_RANGE_LOOP_ANALYSIS = YES;
				CLANG_WARN_STRICT_PROTOTYPES = YES;
				CLANG_WARN_SUSPICIOUS_MOVE = YES;
				CLANG_WARN_UNGUARDED_AVAILABILITY = YES_AGGRESSIVE;
				CLANG_WARN_UNREACHABLE_CODE = YES;
				CLANG_WARN__DUPLICATE_METHOD_MATCH = YES;
				COPY_PHASE_STRIP = NO;
				DEBUG_INFORMATION_FORMAT = dwarf;
				ENABLE_STRICT_OBJC_MSGSEND = YES;
				ENABLE_TESTABILITY = YES;
				GCC_C_LANGUAGE_STANDARD = gnu11;
				GCC_DYNAMIC_NO_PIC = NO;
				GCC_NO_COMMON_BLOCKS = YES;
				GCC_OPTIMIZATION_LEVEL = 0;
				GCC_PREPROCESSOR_DEFINITIONS = (
					"DEBUG=1",
					"$(inherited)",
				);
				GCC_WARN_64_TO_32_BIT_CONVERSION = YES;
				GCC_WARN_ABOUT_RETURN_TYPE = YES_ERROR;
				GCC_WARN_UNDECLARED_SELECTOR = YES;
				GCC_WARN_UNINITIALIZED_AUTOS = YES_AGGRESSIVE;
				GCC_WARN_UNUSED_FUNCTION = YES;
				GCC_WARN_UNUSED_VARIABLE = YES;
				IPHONEOS_DEPLOYMENT_TARGET = 15.0;
				MTL_ENABLE_DEBUG_INFO = INCLUDE_SOURCE;
				MTL_FAST_MATH = YES;
				ONLY_ACTIVE_ARCH = YES;
				SDKROOT = iphoneos;
				SWIFT_ACTIVE_COMPILATION_CONDITIONS = DEBUG;
				SWIFT_OPTIMIZATION_LEVEL = "-Onone";
			};
			name = Debug;
		};
		126DF32D29E4117C00E619A3 /* Release */ = {
			isa = XCBuildConfiguration;
			buildSettings = {
				ALWAYS_SEARCH_USER_PATHS = NO;
				CLANG_ANALYZER_NONNULL = YES;
				CLANG_ANALYZER_NUMBER_OBJECT_CONVERSION = YES_AGGRESSIVE;
				CLANG_CXX_LANGUAGE_STANDARD = "gnu++17";
				CLANG_CXX_LIBRARY = "libc++";
				CLANG_ENABLE_MODULES = YES;
				CLANG_ENABLE_OBJC_ARC = YES;
				CLANG_ENABLE_OBJC_WEAK = YES;
				CLANG_WARN_BLOCK_CAPTURE_AUTORELEASING = YES;
				CLANG_WARN_BOOL_CONVERSION = YES;
				CLANG_WARN_COMMA = YES;
				CLANG_WARN_CONSTANT_CONVERSION = YES;
				CLANG_WARN_DEPRECATED_OBJC_IMPLEMENTATIONS = YES;
				CLANG_WARN_DIRECT_OBJC_ISA_USAGE = YES_ERROR;
				CLANG_WARN_DOCUMENTATION_COMMENTS = YES;
				CLANG_WARN_EMPTY_BODY = YES;
				CLANG_WARN_ENUM_CONVERSION = YES;
				CLANG_WARN_INFINITE_RECURSION = YES;
				CLANG_WARN_INT_CONVERSION = YES;
				CLANG_WARN_NON_LITERAL_NULL_CONVERSION = YES;
				CLANG_WARN_OBJC_IMPLICIT_RETAIN_SELF = YES;
				CLANG_WARN_OBJC_LITERAL_CONVERSION = YES;
				CLANG_WARN_OBJC_ROOT_CLASS = YES_ERROR;
				CLANG_WARN_QUOTED_INCLUDE_IN_FRAMEWORK_HEADER = YES;
				CLANG_WARN_RANGE_LOOP_ANALYSIS = YES;
				CLANG_WARN_STRICT_PROTOTYPES = YES;
				CLANG_WARN_SUSPICIOUS_MOVE = YES;
				CLANG_WARN_UNGUARDED_AVAILABILITY = YES_AGGRESSIVE;
				CLANG_WARN_UNREACHABLE_CODE = YES;
				CLANG_WARN__DUPLICATE_METHOD_MATCH = YES;
				COPY_PHASE_STRIP = NO;
				DEBUG_INFORMATION_FORMAT = "dwarf-with-dsym";
				ENABLE_NS_ASSERTIONS = NO;
				ENABLE_STRICT_OBJC_MSGSEND = YES;
				GCC_C_LANGUAGE_STANDARD = gnu11;
				GCC_NO_COMMON_BLOCKS = YES;
				GCC_WARN_64_TO_32_BIT_CONVERSION = YES;
				GCC_WARN_ABOUT_RETURN_TYPE = YES_ERROR;
				GCC_WARN_UNDECLARED_SELECTOR = YES;
				GCC_WARN_UNINITIALIZED_AUTOS = YES_AGGRESSIVE;
				GCC_WARN_UNUSED_FUNCTION = YES;
				GCC_WARN_UNUSED_VARIABLE = YES;
				IPHONEOS_DEPLOYMENT_TARGET = 15.0;
				MTL_ENABLE_DEBUG_INFO = NO;
				MTL_FAST_MATH = YES;
				SDKROOT = iphoneos;
				SWIFT_COMPILATION_MODE = wholemodule;
				SWIFT_OPTIMIZATION_LEVEL = "-O";
				VALIDATE_PRODUCT = YES;
			};
			name = Release;
		};
		126DF32F29E4117C00E619A3 /* Debug */ = {
			isa = XCBuildConfiguration;
			buildSettings = {
				ASSETCATALOG_COMPILER_APPICON_NAME = AppIcon;
				ASSETCATALOG_COMPILER_GLOBAL_ACCENT_COLOR_NAME = AccentColor;
				CODE_SIGN_STYLE = Automatic;
				CURRENT_PROJECT_VERSION = 1;
				GENERATE_INFOPLIST_FILE = YES;
				INFOPLIST_FILE = ISNewsProject/Info.plist;
				INFOPLIST_KEY_UIApplicationSupportsIndirectInputEvents = YES;
				INFOPLIST_KEY_UILaunchStoryboardName = LaunchScreen;
				INFOPLIST_KEY_UISupportedInterfaceOrientations = UIInterfaceOrientationPortrait;
				INFOPLIST_KEY_UISupportedInterfaceOrientations_iPad = "UIInterfaceOrientationPortrait UIInterfaceOrientationPortraitUpsideDown UIInterfaceOrientationLandscapeLeft UIInterfaceOrientationLandscapeRight";
				INFOPLIST_KEY_UISupportedInterfaceOrientations_iPhone = "UIInterfaceOrientationPortrait UIInterfaceOrientationLandscapeLeft UIInterfaceOrientationLandscapeRight";
				LD_RUNPATH_SEARCH_PATHS = (
					"$(inherited)",
					"@executable_path/Frameworks",
				);
				MARKETING_VERSION = 1.0;
				PRODUCT_BUNDLE_IDENTIFIER = com.marionbenarroche.ISNewsProject;
				PRODUCT_NAME = "$(TARGET_NAME)";
				SWIFT_EMIT_LOC_STRINGS = YES;
				SWIFT_VERSION = 5.0;
				TARGETED_DEVICE_FAMILY = "1,2";
			};
			name = Debug;
		};
		126DF33029E4117C00E619A3 /* Release */ = {
			isa = XCBuildConfiguration;
			buildSettings = {
				ASSETCATALOG_COMPILER_APPICON_NAME = AppIcon;
				ASSETCATALOG_COMPILER_GLOBAL_ACCENT_COLOR_NAME = AccentColor;
				CODE_SIGN_STYLE = Automatic;
				CURRENT_PROJECT_VERSION = 1;
				GENERATE_INFOPLIST_FILE = YES;
				INFOPLIST_FILE = ISNewsProject/Info.plist;
				INFOPLIST_KEY_UIApplicationSupportsIndirectInputEvents = YES;
				INFOPLIST_KEY_UILaunchStoryboardName = LaunchScreen;
				INFOPLIST_KEY_UISupportedInterfaceOrientations = UIInterfaceOrientationPortrait;
				INFOPLIST_KEY_UISupportedInterfaceOrientations_iPad = "UIInterfaceOrientationPortrait UIInterfaceOrientationPortraitUpsideDown UIInterfaceOrientationLandscapeLeft UIInterfaceOrientationLandscapeRight";
				INFOPLIST_KEY_UISupportedInterfaceOrientations_iPhone = "UIInterfaceOrientationPortrait UIInterfaceOrientationLandscapeLeft UIInterfaceOrientationLandscapeRight";
				LD_RUNPATH_SEARCH_PATHS = (
					"$(inherited)",
					"@executable_path/Frameworks",
				);
				MARKETING_VERSION = 1.0;
				PRODUCT_BUNDLE_IDENTIFIER = com.marionbenarroche.ISNewsProject;
				PRODUCT_NAME = "$(TARGET_NAME)";
				SWIFT_EMIT_LOC_STRINGS = YES;
				SWIFT_VERSION = 5.0;
				TARGETED_DEVICE_FAMILY = "1,2";
			};
			name = Release;
		};
		126DF33229E4117C00E619A3 /* Debug */ = {
			isa = XCBuildConfiguration;
			buildSettings = {
				ALWAYS_EMBED_SWIFT_STANDARD_LIBRARIES = YES;
				BUNDLE_LOADER = "$(TEST_HOST)";
				CODE_SIGN_STYLE = Automatic;
				CURRENT_PROJECT_VERSION = 1;
				GENERATE_INFOPLIST_FILE = YES;
				IPHONEOS_DEPLOYMENT_TARGET = 15.0;
				LD_RUNPATH_SEARCH_PATHS = (
					"$(inherited)",
					"@executable_path/Frameworks",
					"@loader_path/Frameworks",
				);
				MARKETING_VERSION = 1.0;
				PRODUCT_BUNDLE_IDENTIFIER = com.marionbenarroche.ISNewsProjectTests;
				PRODUCT_NAME = "$(TARGET_NAME)";
				SWIFT_EMIT_LOC_STRINGS = NO;
				SWIFT_VERSION = 5.0;
				TARGETED_DEVICE_FAMILY = "1,2";
				TEST_HOST = "$(BUILT_PRODUCTS_DIR)/ISNewsProject.app/ISNewsProject";
			};
			name = Debug;
		};
		126DF33329E4117C00E619A3 /* Release */ = {
			isa = XCBuildConfiguration;
			buildSettings = {
				ALWAYS_EMBED_SWIFT_STANDARD_LIBRARIES = YES;
				BUNDLE_LOADER = "$(TEST_HOST)";
				CODE_SIGN_STYLE = Automatic;
				CURRENT_PROJECT_VERSION = 1;
				GENERATE_INFOPLIST_FILE = YES;
				IPHONEOS_DEPLOYMENT_TARGET = 15.0;
				LD_RUNPATH_SEARCH_PATHS = (
					"$(inherited)",
					"@executable_path/Frameworks",
					"@loader_path/Frameworks",
				);
				MARKETING_VERSION = 1.0;
				PRODUCT_BUNDLE_IDENTIFIER = com.marionbenarroche.ISNewsProjectTests;
				PRODUCT_NAME = "$(TARGET_NAME)";
				SWIFT_EMIT_LOC_STRINGS = NO;
				SWIFT_VERSION = 5.0;
				TARGETED_DEVICE_FAMILY = "1,2";
				TEST_HOST = "$(BUILT_PRODUCTS_DIR)/ISNewsProject.app/ISNewsProject";
			};
			name = Release;
		};
		126DF33529E4117C00E619A3 /* Debug */ = {
			isa = XCBuildConfiguration;
			buildSettings = {
				ALWAYS_EMBED_SWIFT_STANDARD_LIBRARIES = YES;
				CODE_SIGN_STYLE = Automatic;
				CURRENT_PROJECT_VERSION = 1;
				GENERATE_INFOPLIST_FILE = YES;
				LD_RUNPATH_SEARCH_PATHS = (
					"$(inherited)",
					"@executable_path/Frameworks",
					"@loader_path/Frameworks",
				);
				MARKETING_VERSION = 1.0;
				PRODUCT_BUNDLE_IDENTIFIER = com.marionbenarroche.ISNewsProjectUITests;
				PRODUCT_NAME = "$(TARGET_NAME)";
				SWIFT_EMIT_LOC_STRINGS = NO;
				SWIFT_VERSION = 5.0;
				TARGETED_DEVICE_FAMILY = "1,2";
				TEST_TARGET_NAME = ISNewsProject;
			};
			name = Debug;
		};
		126DF33629E4117C00E619A3 /* Release */ = {
			isa = XCBuildConfiguration;
			buildSettings = {
				ALWAYS_EMBED_SWIFT_STANDARD_LIBRARIES = YES;
				CODE_SIGN_STYLE = Automatic;
				CURRENT_PROJECT_VERSION = 1;
				GENERATE_INFOPLIST_FILE = YES;
				LD_RUNPATH_SEARCH_PATHS = (
					"$(inherited)",
					"@executable_path/Frameworks",
					"@loader_path/Frameworks",
				);
				MARKETING_VERSION = 1.0;
				PRODUCT_BUNDLE_IDENTIFIER = com.marionbenarroche.ISNewsProjectUITests;
				PRODUCT_NAME = "$(TARGET_NAME)";
				SWIFT_EMIT_LOC_STRINGS = NO;
				SWIFT_VERSION = 5.0;
				TARGETED_DEVICE_FAMILY = "1,2";
				TEST_TARGET_NAME = ISNewsProject;
			};
			name = Release;
		};
/* End XCBuildConfiguration section */

/* Begin XCConfigurationList section */
		126DF2FF29E4117800E619A3 /* Build configuration list for PBXProject "ISNewsProject" */ = {
			isa = XCConfigurationList;
			buildConfigurations = (
				126DF32C29E4117C00E619A3 /* Debug */,
				126DF32D29E4117C00E619A3 /* Release */,
			);
			defaultConfigurationIsVisible = 0;
			defaultConfigurationName = Release;
		};
		126DF32E29E4117C00E619A3 /* Build configuration list for PBXNativeTarget "ISNewsProject" */ = {
			isa = XCConfigurationList;
			buildConfigurations = (
				126DF32F29E4117C00E619A3 /* Debug */,
				126DF33029E4117C00E619A3 /* Release */,
			);
			defaultConfigurationIsVisible = 0;
			defaultConfigurationName = Release;
		};
		126DF33129E4117C00E619A3 /* Build configuration list for PBXNativeTarget "ISNewsProjectTests" */ = {
			isa = XCConfigurationList;
			buildConfigurations = (
				126DF33229E4117C00E619A3 /* Debug */,
				126DF33329E4117C00E619A3 /* Release */,
			);
			defaultConfigurationIsVisible = 0;
			defaultConfigurationName = Release;
		};
		126DF33429E4117C00E619A3 /* Build configuration list for PBXNativeTarget "ISNewsProjectUITests" */ = {
			isa = XCConfigurationList;
			buildConfigurations = (
				126DF33529E4117C00E619A3 /* Debug */,
				126DF33629E4117C00E619A3 /* Release */,
			);
			defaultConfigurationIsVisible = 0;
			defaultConfigurationName = Release;
		};
/* End XCConfigurationList section */
	};
	rootObject = 126DF2FC29E4117800E619A3 /* Project object */;
}
